// !$*UTF8*$!
{
	archiveVersion = 1;
	classes = {
	};
	objectVersion = 50;
	objects = {

/* Begin PBXBuildFile section */
		3FB514437EFF7C4B376F04B7 /* Pods_Parstagram.framework in Frameworks */ = {isa = PBXBuildFile; fileRef = 4FE4C7CFB418E27EA6462E38 /* Pods_Parstagram.framework */; };
		613924A983211A89DD0CF776 /* Pods_Parstagram_ParstagramUITests.framework in Frameworks */ = {isa = PBXBuildFile; fileRef = 7ECF6A50BC076DEB219C7E51 /* Pods_Parstagram_ParstagramUITests.framework */; };
		EA2F2EBE2408837800F4B958 /* AppDelegate.swift in Sources */ = {isa = PBXBuildFile; fileRef = EA2F2EBD2408837800F4B958 /* AppDelegate.swift */; };
		EA2F2EC02408837800F4B958 /* SceneDelegate.swift in Sources */ = {isa = PBXBuildFile; fileRef = EA2F2EBF2408837800F4B958 /* SceneDelegate.swift */; };
		EA2F2EC22408837800F4B958 /* ViewController.swift in Sources */ = {isa = PBXBuildFile; fileRef = EA2F2EC12408837800F4B958 /* ViewController.swift */; };
		EA2F2EC52408837900F4B958 /* Main.storyboard in Resources */ = {isa = PBXBuildFile; fileRef = EA2F2EC32408837800F4B958 /* Main.storyboard */; };
		EA2F2EC72408838600F4B958 /* Assets.xcassets in Resources */ = {isa = PBXBuildFile; fileRef = EA2F2EC62408838600F4B958 /* Assets.xcassets */; };
		EA2F2ECA2408838600F4B958 /* LaunchScreen.storyboard in Resources */ = {isa = PBXBuildFile; fileRef = EA2F2EC82408838600F4B958 /* LaunchScreen.storyboard */; };
		EA2F2ED52408838700F4B958 /* ParstagramTests.swift in Sources */ = {isa = PBXBuildFile; fileRef = EA2F2ED42408838700F4B958 /* ParstagramTests.swift */; };
		EA2F2EE02408838700F4B958 /* ParstagramUITests.swift in Sources */ = {isa = PBXBuildFile; fileRef = EA2F2EDF2408838700F4B958 /* ParstagramUITests.swift */; };
		F3AF50EF9CBE92D63AE3EE75 /* Pods_ParstagramTests.framework in Frameworks */ = {isa = PBXBuildFile; fileRef = DBFEEFB9A22243FE94DB04EB /* Pods_ParstagramTests.framework */; };
/* End PBXBuildFile section */

/* Begin PBXContainerItemProxy section */
		EA2F2ED12408838700F4B958 /* PBXContainerItemProxy */ = {
			isa = PBXContainerItemProxy;
			containerPortal = EA2F2EB22408837800F4B958 /* Project object */;
			proxyType = 1;
			remoteGlobalIDString = EA2F2EB92408837800F4B958;
			remoteInfo = Parstagram;
		};
		EA2F2EDC2408838700F4B958 /* PBXContainerItemProxy */ = {
			isa = PBXContainerItemProxy;
			containerPortal = EA2F2EB22408837800F4B958 /* Project object */;
			proxyType = 1;
			remoteGlobalIDString = EA2F2EB92408837800F4B958;
			remoteInfo = Parstagram;
		};
/* End PBXContainerItemProxy section */

/* Begin PBXFileReference section */
		1D51CB5079183F98D8E491DF /* Pods-Parstagram.release.xcconfig */ = {isa = PBXFileReference; includeInIndex = 1; lastKnownFileType = text.xcconfig; name = "Pods-Parstagram.release.xcconfig"; path = "Target Support Files/Pods-Parstagram/Pods-Parstagram.release.xcconfig"; sourceTree = "<group>"; };
		3C5B3C33643F1100EBEE84BE /* Pods-Parstagram-ParstagramUITests.release.xcconfig */ = {isa = PBXFileReference; includeInIndex = 1; lastKnownFileType = text.xcconfig; name = "Pods-Parstagram-ParstagramUITests.release.xcconfig"; path = "Target Support Files/Pods-Parstagram-ParstagramUITests/Pods-Parstagram-ParstagramUITests.release.xcconfig"; sourceTree = "<group>"; };
		4FE4C7CFB418E27EA6462E38 /* Pods_Parstagram.framework */ = {isa = PBXFileReference; explicitFileType = wrapper.framework; includeInIndex = 0; path = Pods_Parstagram.framework; sourceTree = BUILT_PRODUCTS_DIR; };
		7ECF6A50BC076DEB219C7E51 /* Pods_Parstagram_ParstagramUITests.framework */ = {isa = PBXFileReference; explicitFileType = wrapper.framework; includeInIndex = 0; path = Pods_Parstagram_ParstagramUITests.framework; sourceTree = BUILT_PRODUCTS_DIR; };
		7F1AD10F63F19128BA3DE350 /* Pods-Parstagram-ParstagramUITests.debug.xcconfig */ = {isa = PBXFileReference; includeInIndex = 1; lastKnownFileType = text.xcconfig; name = "Pods-Parstagram-ParstagramUITests.debug.xcconfig"; path = "Target Support Files/Pods-Parstagram-ParstagramUITests/Pods-Parstagram-ParstagramUITests.debug.xcconfig"; sourceTree = "<group>"; };
		99D4C71915B7BE6F0EFF575C /* Pods-ParstagramTests.debug.xcconfig */ = {isa = PBXFileReference; includeInIndex = 1; lastKnownFileType = text.xcconfig; name = "Pods-ParstagramTests.debug.xcconfig"; path = "Target Support Files/Pods-ParstagramTests/Pods-ParstagramTests.debug.xcconfig"; sourceTree = "<group>"; };
		B519659C9921E07526C5F3E4 /* Pods-Parstagram.debug.xcconfig */ = {isa = PBXFileReference; includeInIndex = 1; lastKnownFileType = text.xcconfig; name = "Pods-Parstagram.debug.xcconfig"; path = "Target Support Files/Pods-Parstagram/Pods-Parstagram.debug.xcconfig"; sourceTree = "<group>"; };
		DBFEEFB9A22243FE94DB04EB /* Pods_ParstagramTests.framework */ = {isa = PBXFileReference; explicitFileType = wrapper.framework; includeInIndex = 0; path = Pods_ParstagramTests.framework; sourceTree = BUILT_PRODUCTS_DIR; };
		EA2F2EBA2408837800F4B958 /* Parstagram.app */ = {isa = PBXFileReference; explicitFileType = wrapper.application; includeInIndex = 0; path = Parstagram.app; sourceTree = BUILT_PRODUCTS_DIR; };
		EA2F2EBD2408837800F4B958 /* AppDelegate.swift */ = {isa = PBXFileReference; lastKnownFileType = sourcecode.swift; path = AppDelegate.swift; sourceTree = "<group>"; };
		EA2F2EBF2408837800F4B958 /* SceneDelegate.swift */ = {isa = PBXFileReference; lastKnownFileType = sourcecode.swift; path = SceneDelegate.swift; sourceTree = "<group>"; };
		EA2F2EC12408837800F4B958 /* ViewController.swift */ = {isa = PBXFileReference; lastKnownFileType = sourcecode.swift; path = ViewController.swift; sourceTree = "<group>"; };
		EA2F2EC42408837800F4B958 /* Base */ = {isa = PBXFileReference; lastKnownFileType = file.storyboard; name = Base; path = Base.lproj/Main.storyboard; sourceTree = "<group>"; };
		EA2F2EC62408838600F4B958 /* Assets.xcassets */ = {isa = PBXFileReference; lastKnownFileType = folder.assetcatalog; path = Assets.xcassets; sourceTree = "<group>"; };
		EA2F2EC92408838600F4B958 /* Base */ = {isa = PBXFileReference; lastKnownFileType = file.storyboard; name = Base; path = Base.lproj/LaunchScreen.storyboard; sourceTree = "<group>"; };
		EA2F2ECB2408838600F4B958 /* Info.plist */ = {isa = PBXFileReference; lastKnownFileType = text.plist.xml; path = Info.plist; sourceTree = "<group>"; };
		EA2F2ED02408838700F4B958 /* ParstagramTests.xctest */ = {isa = PBXFileReference; explicitFileType = wrapper.cfbundle; includeInIndex = 0; path = ParstagramTests.xctest; sourceTree = BUILT_PRODUCTS_DIR; };
		EA2F2ED42408838700F4B958 /* ParstagramTests.swift */ = {isa = PBXFileReference; lastKnownFileType = sourcecode.swift; path = ParstagramTests.swift; sourceTree = "<group>"; };
		EA2F2ED62408838700F4B958 /* Info.plist */ = {isa = PBXFileReference; lastKnownFileType = text.plist.xml; path = Info.plist; sourceTree = "<group>"; };
		EA2F2EDB2408838700F4B958 /* ParstagramUITests.xctest */ = {isa = PBXFileReference; explicitFileType = wrapper.cfbundle; includeInIndex = 0; path = ParstagramUITests.xctest; sourceTree = BUILT_PRODUCTS_DIR; };
		EA2F2EDF2408838700F4B958 /* ParstagramUITests.swift */ = {isa = PBXFileReference; lastKnownFileType = sourcecode.swift; path = ParstagramUITests.swift; sourceTree = "<group>"; };
		EA2F2EE12408838700F4B958 /* Info.plist */ = {isa = PBXFileReference; lastKnownFileType = text.plist.xml; path = Info.plist; sourceTree = "<group>"; };
		EA6C140C6BC0244A8B431607 /* Pods-ParstagramTests.release.xcconfig */ = {isa = PBXFileReference; includeInIndex = 1; lastKnownFileType = text.xcconfig; name = "Pods-ParstagramTests.release.xcconfig"; path = "Target Support Files/Pods-ParstagramTests/Pods-ParstagramTests.release.xcconfig"; sourceTree = "<group>"; };
/* End PBXFileReference section */

/* Begin PBXFrameworksBuildPhase section */
		EA2F2EB72408837800F4B958 /* Frameworks */ = {
			isa = PBXFrameworksBuildPhase;
			buildActionMask = 2147483647;
			files = (
				3FB514437EFF7C4B376F04B7 /* Pods_Parstagram.framework in Frameworks */,
			);
			runOnlyForDeploymentPostprocessing = 0;
		};
		EA2F2ECD2408838700F4B958 /* Frameworks */ = {
			isa = PBXFrameworksBuildPhase;
			buildActionMask = 2147483647;
			files = (
				F3AF50EF9CBE92D63AE3EE75 /* Pods_ParstagramTests.framework in Frameworks */,
			);
			runOnlyForDeploymentPostprocessing = 0;
		};
		EA2F2ED82408838700F4B958 /* Frameworks */ = {
			isa = PBXFrameworksBuildPhase;
			buildActionMask = 2147483647;
			files = (
				613924A983211A89DD0CF776 /* Pods_Parstagram_ParstagramUITests.framework in Frameworks */,
			);
			runOnlyForDeploymentPostprocessing = 0;
		};
/* End PBXFrameworksBuildPhase section */

/* Begin PBXGroup section */
		8ABFBE42920887068828DE1A /* Frameworks */ = {
			isa = PBXGroup;
			children = (
				4FE4C7CFB418E27EA6462E38 /* Pods_Parstagram.framework */,
				7ECF6A50BC076DEB219C7E51 /* Pods_Parstagram_ParstagramUITests.framework */,
				DBFEEFB9A22243FE94DB04EB /* Pods_ParstagramTests.framework */,
			);
			name = Frameworks;
			sourceTree = "<group>";
		};
		E1B5339B8503264C5E65888B /* Pods */ = {
			isa = PBXGroup;
			children = (
				B519659C9921E07526C5F3E4 /* Pods-Parstagram.debug.xcconfig */,
				1D51CB5079183F98D8E491DF /* Pods-Parstagram.release.xcconfig */,
				7F1AD10F63F19128BA3DE350 /* Pods-Parstagram-ParstagramUITests.debug.xcconfig */,
				3C5B3C33643F1100EBEE84BE /* Pods-Parstagram-ParstagramUITests.release.xcconfig */,
				99D4C71915B7BE6F0EFF575C /* Pods-ParstagramTests.debug.xcconfig */,
				EA6C140C6BC0244A8B431607 /* Pods-ParstagramTests.release.xcconfig */,
			);
			name = Pods;
			path = Pods;
			sourceTree = "<group>";
		};
		EA2F2EB12408837800F4B958 = {
			isa = PBXGroup;
			children = (
				EA2F2EBC2408837800F4B958 /* Parstagram */,
				EA2F2ED32408838700F4B958 /* ParstagramTests */,
				EA2F2EDE2408838700F4B958 /* ParstagramUITests */,
				EA2F2EBB2408837800F4B958 /* Products */,
				E1B5339B8503264C5E65888B /* Pods */,
				8ABFBE42920887068828DE1A /* Frameworks */,
			);
			sourceTree = "<group>";
		};
		EA2F2EBB2408837800F4B958 /* Products */ = {
			isa = PBXGroup;
			children = (
				EA2F2EBA2408837800F4B958 /* Parstagram.app */,
				EA2F2ED02408838700F4B958 /* ParstagramTests.xctest */,
				EA2F2EDB2408838700F4B958 /* ParstagramUITests.xctest */,
			);
			name = Products;
			sourceTree = "<group>";
		};
		EA2F2EBC2408837800F4B958 /* Parstagram */ = {
			isa = PBXGroup;
			children = (
				EA2F2EBD2408837800F4B958 /* AppDelegate.swift */,
				EA2F2EBF2408837800F4B958 /* SceneDelegate.swift */,
				EA2F2EC12408837800F4B958 /* ViewController.swift */,
				EA2F2EC32408837800F4B958 /* Main.storyboard */,
				EA2F2EC62408838600F4B958 /* Assets.xcassets */,
				EA2F2EC82408838600F4B958 /* LaunchScreen.storyboard */,
				EA2F2ECB2408838600F4B958 /* Info.plist */,
			);
			path = Parstagram;
			sourceTree = "<group>";
		};
		EA2F2ED32408838700F4B958 /* ParstagramTests */ = {
			isa = PBXGroup;
			children = (
				EA2F2ED42408838700F4B958 /* ParstagramTests.swift */,
				EA2F2ED62408838700F4B958 /* Info.plist */,
			);
			path = ParstagramTests;
			sourceTree = "<group>";
		};
		EA2F2EDE2408838700F4B958 /* ParstagramUITests */ = {
			isa = PBXGroup;
			children = (
				EA2F2EDF2408838700F4B958 /* ParstagramUITests.swift */,
				EA2F2EE12408838700F4B958 /* Info.plist */,
			);
			path = ParstagramUITests;
			sourceTree = "<group>";
		};
/* End PBXGroup section */

/* Begin PBXNativeTarget section */
		EA2F2EB92408837800F4B958 /* Parstagram */ = {
			isa = PBXNativeTarget;
			buildConfigurationList = EA2F2EE42408838700F4B958 /* Build configuration list for PBXNativeTarget "Parstagram" */;
			buildPhases = (
				C45884BC58E7C91965B7B47E /* [CP] Check Pods Manifest.lock */,
				EA2F2EB62408837800F4B958 /* Sources */,
				EA2F2EB72408837800F4B958 /* Frameworks */,
				EA2F2EB82408837800F4B958 /* Resources */,
				09EB982DA085D288942381D5 /* [CP] Embed Pods Frameworks */,
			);
			buildRules = (
			);
			dependencies = (
			);
			name = Parstagram;
			productName = Parstagram;
			productReference = EA2F2EBA2408837800F4B958 /* Parstagram.app */;
			productType = "com.apple.product-type.application";
		};
		EA2F2ECF2408838700F4B958 /* ParstagramTests */ = {
			isa = PBXNativeTarget;
			buildConfigurationList = EA2F2EE72408838700F4B958 /* Build configuration list for PBXNativeTarget "ParstagramTests" */;
			buildPhases = (
				141C557016C032A4E07BE648 /* [CP] Check Pods Manifest.lock */,
				EA2F2ECC2408838700F4B958 /* Sources */,
				EA2F2ECD2408838700F4B958 /* Frameworks */,
				EA2F2ECE2408838700F4B958 /* Resources */,
			);
			buildRules = (
			);
			dependencies = (
				EA2F2ED22408838700F4B958 /* PBXTargetDependency */,
			);
			name = ParstagramTests;
			productName = ParstagramTests;
			productReference = EA2F2ED02408838700F4B958 /* ParstagramTests.xctest */;
			productType = "com.apple.product-type.bundle.unit-test";
		};
		EA2F2EDA2408838700F4B958 /* ParstagramUITests */ = {
			isa = PBXNativeTarget;
			buildConfigurationList = EA2F2EEA2408838700F4B958 /* Build configuration list for PBXNativeTarget "ParstagramUITests" */;
			buildPhases = (
				3124E461700BDB814F4CBEC9 /* [CP] Check Pods Manifest.lock */,
				EA2F2ED72408838700F4B958 /* Sources */,
				EA2F2ED82408838700F4B958 /* Frameworks */,
				EA2F2ED92408838700F4B958 /* Resources */,
				554EEE31A4E238935167FAB0 /* [CP] Embed Pods Frameworks */,
			);
			buildRules = (
			);
			dependencies = (
				EA2F2EDD2408838700F4B958 /* PBXTargetDependency */,
			);
			name = ParstagramUITests;
			productName = ParstagramUITests;
			productReference = EA2F2EDB2408838700F4B958 /* ParstagramUITests.xctest */;
			productType = "com.apple.product-type.bundle.ui-testing";
		};
/* End PBXNativeTarget section */

/* Begin PBXProject section */
		EA2F2EB22408837800F4B958 /* Project object */ = {
			isa = PBXProject;
			attributes = {
				LastSwiftUpdateCheck = 1130;
				LastUpgradeCheck = 1130;
				ORGANIZATIONNAME = Markhughes142;
				TargetAttributes = {
					EA2F2EB92408837800F4B958 = {
						CreatedOnToolsVersion = 11.3.1;
					};
					EA2F2ECF2408838700F4B958 = {
						CreatedOnToolsVersion = 11.3.1;
						TestTargetID = EA2F2EB92408837800F4B958;
					};
					EA2F2EDA2408838700F4B958 = {
						CreatedOnToolsVersion = 11.3.1;
						TestTargetID = EA2F2EB92408837800F4B958;
					};
				};
			};
			buildConfigurationList = EA2F2EB52408837800F4B958 /* Build configuration list for PBXProject "Parstagram" */;
			compatibilityVersion = "Xcode 9.3";
			developmentRegion = en;
			hasScannedForEncodings = 0;
			knownRegions = (
				en,
				Base,
			);
			mainGroup = EA2F2EB12408837800F4B958;
			productRefGroup = EA2F2EBB2408837800F4B958 /* Products */;
			projectDirPath = "";
			projectRoot = "";
			targets = (
				EA2F2EB92408837800F4B958 /* Parstagram */,
				EA2F2ECF2408838700F4B958 /* ParstagramTests */,
				EA2F2EDA2408838700F4B958 /* ParstagramUITests */,
			);
		};
/* End PBXProject section */

/* Begin PBXResourcesBuildPhase section */
		EA2F2EB82408837800F4B958 /* Resources */ = {
			isa = PBXResourcesBuildPhase;
			buildActionMask = 2147483647;
			files = (
				EA2F2ECA2408838600F4B958 /* LaunchScreen.storyboard in Resources */,
				EA2F2EC72408838600F4B958 /* Assets.xcassets in Resources */,
				EA2F2EC52408837900F4B958 /* Main.storyboard in Resources */,
			);
			runOnlyForDeploymentPostprocessing = 0;
		};
		EA2F2ECE2408838700F4B958 /* Resources */ = {
			isa = PBXResourcesBuildPhase;
			buildActionMask = 2147483647;
			files = (
			);
			runOnlyForDeploymentPostprocessing = 0;
		};
		EA2F2ED92408838700F4B958 /* Resources */ = {
			isa = PBXResourcesBuildPhase;
			buildActionMask = 2147483647;
			files = (
			);
			runOnlyForDeploymentPostprocessing = 0;
		};
/* End PBXResourcesBuildPhase section */

/* Begin PBXShellScriptBuildPhase section */
		09EB982DA085D288942381D5 /* [CP] Embed Pods Frameworks */ = {
			isa = PBXShellScriptBuildPhase;
			buildActionMask = 2147483647;
			files = (
			);
			inputFileListPaths = (
				"${PODS_ROOT}/Target Support Files/Pods-Parstagram/Pods-Parstagram-frameworks-${CONFIGURATION}-input-files.xcfilelist",
			);
			name = "[CP] Embed Pods Frameworks";
			outputFileListPaths = (
				"${PODS_ROOT}/Target Support Files/Pods-Parstagram/Pods-Parstagram-frameworks-${CONFIGURATION}-output-files.xcfilelist",
			);
			runOnlyForDeploymentPostprocessing = 0;
			shellPath = /bin/sh;
			shellScript = "\"${PODS_ROOT}/Target Support Files/Pods-Parstagram/Pods-Parstagram-frameworks.sh\"\n";
			showEnvVarsInLog = 0;
		};
		141C557016C032A4E07BE648 /* [CP] Check Pods Manifest.lock */ = {
			isa = PBXShellScriptBuildPhase;
			buildActionMask = 2147483647;
			files = (
			);
			inputFileListPaths = (
			);
			inputPaths = (
				"${PODS_PODFILE_DIR_PATH}/Podfile.lock",
				"${PODS_ROOT}/Manifest.lock",
			);
			name = "[CP] Check Pods Manifest.lock";
			outputFileListPaths = (
			);
			outputPaths = (
				"$(DERIVED_FILE_DIR)/Pods-ParstagramTests-checkManifestLockResult.txt",
			);
			runOnlyForDeploymentPostprocessing = 0;
			shellPath = /bin/sh;
			shellScript = "diff \"${PODS_PODFILE_DIR_PATH}/Podfile.lock\" \"${PODS_ROOT}/Manifest.lock\" > /dev/null\nif [ $? != 0 ] ; then\n    # print error to STDERR\n    echo \"error: The sandbox is not in sync with the Podfile.lock. Run 'pod install' or update your CocoaPods installation.\" >&2\n    exit 1\nfi\n# This output is used by Xcode 'outputs' to avoid re-running this script phase.\necho \"SUCCESS\" > \"${SCRIPT_OUTPUT_FILE_0}\"\n";
			showEnvVarsInLog = 0;
		};
		3124E461700BDB814F4CBEC9 /* [CP] Check Pods Manifest.lock */ = {
			isa = PBXShellScriptBuildPhase;
			buildActionMask = 2147483647;
			files = (
			);
			inputFileListPaths = (
			);
			inputPaths = (
				"${PODS_PODFILE_DIR_PATH}/Podfile.lock",
				"${PODS_ROOT}/Manifest.lock",
			);
			name = "[CP] Check Pods Manifest.lock";
			outputFileListPaths = (
			);
			outputPaths = (
				"$(DERIVED_FILE_DIR)/Pods-Parstagram-ParstagramUITests-checkManifestLockResult.txt",
			);
			runOnlyForDeploymentPostprocessing = 0;
			shellPath = /bin/sh;
			shellScript = "diff \"${PODS_PODFILE_DIR_PATH}/Podfile.lock\" \"${PODS_ROOT}/Manifest.lock\" > /dev/null\nif [ $? != 0 ] ; then\n    # print error to STDERR\n    echo \"error: The sandbox is not in sync with the Podfile.lock. Run 'pod install' or update your CocoaPods installation.\" >&2\n    exit 1\nfi\n# This output is used by Xcode 'outputs' to avoid re-running this script phase.\necho \"SUCCESS\" > \"${SCRIPT_OUTPUT_FILE_0}\"\n";
			showEnvVarsInLog = 0;
		};
		554EEE31A4E238935167FAB0 /* [CP] Embed Pods Frameworks */ = {
			isa = PBXShellScriptBuildPhase;
			buildActionMask = 2147483647;
			files = (
			);
			inputFileListPaths = (
				"${PODS_ROOT}/Target Support Files/Pods-Parstagram-ParstagramUITests/Pods-Parstagram-ParstagramUITests-frameworks-${CONFIGURATION}-input-files.xcfilelist",
			);
			name = "[CP] Embed Pods Frameworks";
			outputFileListPaths = (
				"${PODS_ROOT}/Target Support Files/Pods-Parstagram-ParstagramUITests/Pods-Parstagram-ParstagramUITests-frameworks-${CONFIGURATION}-output-files.xcfilelist",
			);
			runOnlyForDeploymentPostprocessing = 0;
			shellPath = /bin/sh;
			shellScript = "\"${PODS_ROOT}/Target Support Files/Pods-Parstagram-ParstagramUITests/Pods-Parstagram-ParstagramUITests-frameworks.sh\"\n";
			showEnvVarsInLog = 0;
		};
		C45884BC58E7C91965B7B47E /* [CP] Check Pods Manifest.lock */ = {
			isa = PBXShellScriptBuildPhase;
			buildActionMask = 2147483647;
			files = (
			);
			inputFileListPaths = (
			);
			inputPaths = (
				"${PODS_PODFILE_DIR_PATH}/Podfile.lock",
				"${PODS_ROOT}/Manifest.lock",
			);
			name = "[CP] Check Pods Manifest.lock";
			outputFileListPaths = (
			);
			outputPaths = (
				"$(DERIVED_FILE_DIR)/Pods-Parstagram-checkManifestLockResult.txt",
			);
			runOnlyForDeploymentPostprocessing = 0;
			shellPath = /bin/sh;
			shellScript = "diff \"${PODS_PODFILE_DIR_PATH}/Podfile.lock\" \"${PODS_ROOT}/Manifest.lock\" > /dev/null\nif [ $? != 0 ] ; then\n    # print error to STDERR\n    echo \"error: The sandbox is not in sync with the Podfile.lock. Run 'pod install' or update your CocoaPods installation.\" >&2\n    exit 1\nfi\n# This output is used by Xcode 'outputs' to avoid re-running this script phase.\necho \"SUCCESS\" > \"${SCRIPT_OUTPUT_FILE_0}\"\n";
			showEnvVarsInLog = 0;
		};
/* End PBXShellScriptBuildPhase section */

/* Begin PBXSourcesBuildPhase section */
		EA2F2EB62408837800F4B958 /* Sources */ = {
			isa = PBXSourcesBuildPhase;
			buildActionMask = 2147483647;
			files = (
				EA2F2EC22408837800F4B958 /* ViewController.swift in Sources */,
				EA2F2EBE2408837800F4B958 /* AppDelegate.swift in Sources */,
				EA2F2EC02408837800F4B958 /* SceneDelegate.swift in Sources */,
			);
			runOnlyForDeploymentPostprocessing = 0;
		};
		EA2F2ECC2408838700F4B958 /* Sources */ = {
			isa = PBXSourcesBuildPhase;
			buildActionMask = 2147483647;
			files = (
				EA2F2ED52408838700F4B958 /* ParstagramTests.swift in Sources */,
			);
			runOnlyForDeploymentPostprocessing = 0;
		};
		EA2F2ED72408838700F4B958 /* Sources */ = {
			isa = PBXSourcesBuildPhase;
			buildActionMask = 2147483647;
			files = (
				EA2F2EE02408838700F4B958 /* ParstagramUITests.swift in Sources */,
			);
			runOnlyForDeploymentPostprocessing = 0;
		};
/* End PBXSourcesBuildPhase section */

/* Begin PBXTargetDependency section */
		EA2F2ED22408838700F4B958 /* PBXTargetDependency */ = {
			isa = PBXTargetDependency;
			target = EA2F2EB92408837800F4B958 /* Parstagram */;
			targetProxy = EA2F2ED12408838700F4B958 /* PBXContainerItemProxy */;
		};
		EA2F2EDD2408838700F4B958 /* PBXTargetDependency */ = {
			isa = PBXTargetDependency;
			target = EA2F2EB92408837800F4B958 /* Parstagram */;
			targetProxy = EA2F2EDC2408838700F4B958 /* PBXContainerItemProxy */;
		};
/* End PBXTargetDependency section */

/* Begin PBXVariantGroup section */
		EA2F2EC32408837800F4B958 /* Main.storyboard */ = {
			isa = PBXVariantGroup;
			children = (
				EA2F2EC42408837800F4B958 /* Base */,
			);
			name = Main.storyboard;
			sourceTree = "<group>";
		};
		EA2F2EC82408838600F4B958 /* LaunchScreen.storyboard */ = {
			isa = PBXVariantGroup;
			children = (
				EA2F2EC92408838600F4B958 /* Base */,
			);
			name = LaunchScreen.storyboard;
			sourceTree = "<group>";
		};
/* End PBXVariantGroup section */

/* Begin XCBuildConfiguration section */
		EA2F2EE22408838700F4B958 /* Debug */ = {
			isa = XCBuildConfiguration;
			buildSettings = {
				ALWAYS_SEARCH_USER_PATHS = NO;
				CLANG_ANALYZER_NONNULL = YES;
				CLANG_ANALYZER_NUMBER_OBJECT_CONVERSION = YES_AGGRESSIVE;
				CLANG_CXX_LANGUAGE_STANDARD = "gnu++14";
				CLANG_CXX_LIBRARY = "libc++";
				CLANG_ENABLE_MODULES = YES;
				CLANG_ENABLE_OBJC_ARC = YES;
				CLANG_ENABLE_OBJC_WEAK = YES;
				CLANG_WARN_BLOCK_CAPTURE_AUTORELEASING = YES;
				CLANG_WARN_BOOL_CONVERSION = YES;
				CLANG_WARN_COMMA = YES;
				CLANG_WARN_CONSTANT_CONVERSION = YES;
				CLANG_WARN_DEPRECATED_OBJC_IMPLEMENTATIONS = YES;
				CLANG_WARN_DIRECT_OBJC_ISA_USAGE = YES_ERROR;
				CLANG_WARN_DOCUMENTATION_COMMENTS = YES;
				CLANG_WARN_EMPTY_BODY = YES;
				CLANG_WARN_ENUM_CONVERSION = YES;
				CLANG_WARN_INFINITE_RECURSION = YES;
				CLANG_WARN_INT_CONVERSION = YES;
				CLANG_WARN_NON_LITERAL_NULL_CONVERSION = YES;
				CLANG_WARN_OBJC_IMPLICIT_RETAIN_SELF = YES;
				CLANG_WARN_OBJC_LITERAL_CONVERSION = YES;
				CLANG_WARN_OBJC_ROOT_CLASS = YES_ERROR;
				CLANG_WARN_RANGE_LOOP_ANALYSIS = YES;
				CLANG_WARN_STRICT_PROTOTYPES = YES;
				CLANG_WARN_SUSPICIOUS_MOVE = YES;
				CLANG_WARN_UNGUARDED_AVAILABILITY = YES_AGGRESSIVE;
				CLANG_WARN_UNREACHABLE_CODE = YES;
				CLANG_WARN__DUPLICATE_METHOD_MATCH = YES;
				COPY_PHASE_STRIP = NO;
				DEBUG_INFORMATION_FORMAT = dwarf;
				ENABLE_STRICT_OBJC_MSGSEND = YES;
				ENABLE_TESTABILITY = YES;
				GCC_C_LANGUAGE_STANDARD = gnu11;
				GCC_DYNAMIC_NO_PIC = NO;
				GCC_NO_COMMON_BLOCKS = YES;
				GCC_OPTIMIZATION_LEVEL = 0;
				GCC_PREPROCESSOR_DEFINITIONS = (
					"DEBUG=1",
					"$(inherited)",
				);
				GCC_WARN_64_TO_32_BIT_CONVERSION = YES;
				GCC_WARN_ABOUT_RETURN_TYPE = YES_ERROR;
				GCC_WARN_UNDECLARED_SELECTOR = YES;
				GCC_WARN_UNINITIALIZED_AUTOS = YES_AGGRESSIVE;
				GCC_WARN_UNUSED_FUNCTION = YES;
				GCC_WARN_UNUSED_VARIABLE = YES;
				IPHONEOS_DEPLOYMENT_TARGET = 13.2;
				MTL_ENABLE_DEBUG_INFO = INCLUDE_SOURCE;
				MTL_FAST_MATH = YES;
				ONLY_ACTIVE_ARCH = YES;
				SDKROOT = iphoneos;
				SWIFT_ACTIVE_COMPILATION_CONDITIONS = DEBUG;
				SWIFT_OPTIMIZATION_LEVEL = "-Onone";
			};
			name = Debug;
		};
		EA2F2EE32408838700F4B958 /* Release */ = {
			isa = XCBuildConfiguration;
			buildSettings = {
				ALWAYS_SEARCH_USER_PATHS = NO;
				CLANG_ANALYZER_NONNULL = YES;
				CLANG_ANALYZER_NUMBER_OBJECT_CONVERSION = YES_AGGRESSIVE;
				CLANG_CXX_LANGUAGE_STANDARD = "gnu++14";
				CLANG_CXX_LIBRARY = "libc++";
				CLANG_ENABLE_MODULES = YES;
				CLANG_ENABLE_OBJC_ARC = YES;
				CLANG_ENABLE_OBJC_WEAK = YES;
				CLANG_WARN_BLOCK_CAPTURE_AUTORELEASING = YES;
				CLANG_WARN_BOOL_CONVERSION = YES;
				CLANG_WARN_COMMA = YES;
				CLANG_WARN_CONSTANT_CONVERSION = YES;
				CLANG_WARN_DEPRECATED_OBJC_IMPLEMENTATIONS = YES;
				CLANG_WARN_DIRECT_OBJC_ISA_USAGE = YES_ERROR;
				CLANG_WARN_DOCUMENTATION_COMMENTS = YES;
				CLANG_WARN_EMPTY_BODY = YES;
				CLANG_WARN_ENUM_CONVERSION = YES;
				CLANG_WARN_INFINITE_RECURSION = YES;
				CLANG_WARN_INT_CONVERSION = YES;
				CLANG_WARN_NON_LITERAL_NULL_CONVERSION = YES;
				CLANG_WARN_OBJC_IMPLICIT_RETAIN_SELF = YES;
				CLANG_WARN_OBJC_LITERAL_CONVERSION = YES;
				CLANG_WARN_OBJC_ROOT_CLASS = YES_ERROR;
				CLANG_WARN_RANGE_LOOP_ANALYSIS = YES;
				CLANG_WARN_STRICT_PROTOTYPES = YES;
				CLANG_WARN_SUSPICIOUS_MOVE = YES;
				CLANG_WARN_UNGUARDED_AVAILABILITY = YES_AGGRESSIVE;
				CLANG_WARN_UNREACHABLE_CODE = YES;
				CLANG_WARN__DUPLICATE_METHOD_MATCH = YES;
				COPY_PHASE_STRIP = NO;
				DEBUG_INFORMATION_FORMAT = "dwarf-with-dsym";
				ENABLE_NS_ASSERTIONS = NO;
				ENABLE_STRICT_OBJC_MSGSEND = YES;
				GCC_C_LANGUAGE_STANDARD = gnu11;
				GCC_NO_COMMON_BLOCKS = YES;
				GCC_WARN_64_TO_32_BIT_CONVERSION = YES;
				GCC_WARN_ABOUT_RETURN_TYPE = YES_ERROR;
				GCC_WARN_UNDECLARED_SELECTOR = YES;
				GCC_WARN_UNINITIALIZED_AUTOS = YES_AGGRESSIVE;
				GCC_WARN_UNUSED_FUNCTION = YES;
				GCC_WARN_UNUSED_VARIABLE = YES;
				IPHONEOS_DEPLOYMENT_TARGET = 13.2;
				MTL_ENABLE_DEBUG_INFO = NO;
				MTL_FAST_MATH = YES;
				SDKROOT = iphoneos;
				SWIFT_COMPILATION_MODE = wholemodule;
				SWIFT_OPTIMIZATION_LEVEL = "-O";
				VALIDATE_PRODUCT = YES;
			};
			name = Release;
		};
		EA2F2EE52408838700F4B958 /* Debug */ = {
			isa = XCBuildConfiguration;
			baseConfigurationReference = B519659C9921E07526C5F3E4 /* Pods-Parstagram.debug.xcconfig */;
			buildSettings = {
				ASSETCATALOG_COMPILER_APPICON_NAME = AppIcon;
				CODE_SIGN_STYLE = Automatic;
				DEVELOPMENT_TEAM = 6VN8BF4CAC;
				INFOPLIST_FILE = Parstagram/Info.plist;
				LD_RUNPATH_SEARCH_PATHS = (
					"$(inherited)",
					"@executable_path/Frameworks",
				);
				PRODUCT_BUNDLE_IDENTIFIER = com.codepath.Parstagram;
				PRODUCT_NAME = "$(TARGET_NAME)";
				SWIFT_VERSION = 5.0;
				TARGETED_DEVICE_FAMILY = "1,2";
			};
			name = Debug;
		};
		EA2F2EE62408838700F4B958 /* Release */ = {
			isa = XCBuildConfiguration;
			baseConfigurationReference = 1D51CB5079183F98D8E491DF /* Pods-Parstagram.release.xcconfig */;
			buildSettings = {
				ASSETCATALOG_COMPILER_APPICON_NAME = AppIcon;
				CODE_SIGN_STYLE = Automatic;
				DEVELOPMENT_TEAM = 6VN8BF4CAC;
				INFOPLIST_FILE = Parstagram/Info.plist;
				LD_RUNPATH_SEARCH_PATHS = (
					"$(inherited)",
					"@executable_path/Frameworks",
				);
				PRODUCT_BUNDLE_IDENTIFIER = com.codepath.Parstagram;
				PRODUCT_NAME = "$(TARGET_NAME)";
				SWIFT_VERSION = 5.0;
				TARGETED_DEVICE_FAMILY = "1,2";
			};
			name = Release;
		};
		EA2F2EE82408838700F4B958 /* Debug */ = {
			isa = XCBuildConfiguration;
			baseConfigurationReference = 99D4C71915B7BE6F0EFF575C /* Pods-ParstagramTests.debug.xcconfig */;
			buildSettings = {
				ALWAYS_EMBED_SWIFT_STANDARD_LIBRARIES = YES;
				BUNDLE_LOADER = "$(TEST_HOST)";
				CODE_SIGN_STYLE = Automatic;
				DEVELOPMENT_TEAM = 6VN8BF4CAC;
				INFOPLIST_FILE = ParstagramTests/Info.plist;
				IPHONEOS_DEPLOYMENT_TARGET = 13.2;
				LD_RUNPATH_SEARCH_PATHS = (
					"$(inherited)",
					"@executable_path/Frameworks",
					"@loader_path/Frameworks",
				);
				PRODUCT_BUNDLE_IDENTIFIER = com.codepath.ParstagramTests;
				PRODUCT_NAME = "$(TARGET_NAME)";
				SWIFT_VERSION = 5.0;
				TARGETED_DEVICE_FAMILY = "1,2";
				TEST_HOST = "$(BUILT_PRODUCTS_DIR)/Parstagram.app/Parstagram";
			};
			name = Debug;
		};
		EA2F2EE92408838700F4B958 /* Release */ = {
			isa = XCBuildConfiguration;
			baseConfigurationReference = EA6C140C6BC0244A8B431607 /* Pods-ParstagramTests.release.xcconfig */;
			buildSettings = {
				ALWAYS_EMBED_SWIFT_STANDARD_LIBRARIES = YES;
				BUNDLE_LOADER = "$(TEST_HOST)";
				CODE_SIGN_STYLE = Automatic;
				DEVELOPMENT_TEAM = 6VN8BF4CAC;
				INFOPLIST_FILE = ParstagramTests/Info.plist;
				IPHONEOS_DEPLOYMENT_TARGET = 13.2;
				LD_RUNPATH_SEARCH_PATHS = (
					"$(inherited)",
					"@executable_path/Frameworks",
					"@loader_path/Frameworks",
				);
				PRODUCT_BUNDLE_IDENTIFIER = com.codepath.ParstagramTests;
				PRODUCT_NAME = "$(TARGET_NAME)";
				SWIFT_VERSION = 5.0;
				TARGETED_DEVICE_FAMILY = "1,2";
				TEST_HOST = "$(BUILT_PRODUCTS_DIR)/Parstagram.app/Parstagram";
			};
			name = Release;
		};
		EA2F2EEB2408838700F4B958 /* Debug */ = {
			isa = XCBuildConfiguration;
			baseConfigurationReference = 7F1AD10F63F19128BA3DE350 /* Pods-Parstagram-ParstagramUITests.debug.xcconfig */;
			buildSettings = {
				ALWAYS_EMBED_SWIFT_STANDARD_LIBRARIES = YES;
				CODE_SIGN_STYLE = Automatic;
				DEVELOPMENT_TEAM = 6VN8BF4CAC;
				INFOPLIST_FILE = ParstagramUITests/Info.plist;
				LD_RUNPATH_SEARCH_PATHS = (
					"$(inherited)",
					"@executable_path/Frameworks",
					"@loader_path/Frameworks",
				);
				PRODUCT_BUNDLE_IDENTIFIER = com.codepath.ParstagramUITests;
				PRODUCT_NAME = "$(TARGET_NAME)";
				SWIFT_VERSION = 5.0;
				TARGETED_DEVICE_FAMILY = "1,2";
				TEST_TARGET_NAME = Parstagram;
			};
			name = Debug;
		};
		EA2F2EEC2408838700F4B958 /* Release */ = {
			isa = XCBuildConfiguration;
			baseConfigurationReference = 3C5B3C33643F1100EBEE84BE /* Pods-Parstagram-ParstagramUITests.release.xcconfig */;
			buildSettings = {
				ALWAYS_EMBED_SWIFT_STANDARD_LIBRARIES = YES;
				CODE_SIGN_STYLE = Automatic;
				DEVELOPMENT_TEAM = 6VN8BF4CAC;
				INFOPLIST_FILE = ParstagramUITests/Info.plist;
				LD_RUNPATH_SEARCH_PATHS = (
					"$(inherited)",
					"@executable_path/Frameworks",
					"@loader_path/Frameworks",
				);
				PRODUCT_BUNDLE_IDENTIFIER = com.codepath.ParstagramUITests;
				PRODUCT_NAME = "$(TARGET_NAME)";
				SWIFT_VERSION = 5.0;
				TARGETED_DEVICE_FAMILY = "1,2";
				TEST_TARGET_NAME = Parstagram;
			};
			name = Release;
		};
/* End XCBuildConfiguration section */

/* Begin XCConfigurationList section */
		EA2F2EB52408837800F4B958 /* Build configuration list for PBXProject "Parstagram" */ = {
			isa = XCConfigurationList;
			buildConfigurations = (
				EA2F2EE22408838700F4B958 /* Debug */,
				EA2F2EE32408838700F4B958 /* Release */,
			);
			defaultConfigurationIsVisible = 0;
			defaultConfigurationName = Release;
		};
		EA2F2EE42408838700F4B958 /* Build configuration list for PBXNativeTarget "Parstagram" */ = {
			isa = XCConfigurationList;
			buildConfigurations = (
				EA2F2EE52408838700F4B958 /* Debug */,
				EA2F2EE62408838700F4B958 /* Release */,
			);
			defaultConfigurationIsVisible = 0;
			defaultConfigurationName = Release;
		};
		EA2F2EE72408838700F4B958 /* Build configuration list for PBXNativeTarget "ParstagramTests" */ = {
			isa = XCConfigurationList;
			buildConfigurations = (
				EA2F2EE82408838700F4B958 /* Debug */,
				EA2F2EE92408838700F4B958 /* Release */,
			);
			defaultConfigurationIsVisible = 0;
			defaultConfigurationName = Release;
		};
		EA2F2EEA2408838700F4B958 /* Build configuration list for PBXNativeTarget "ParstagramUITests" */ = {
			isa = XCConfigurationList;
			buildConfigurations = (
				EA2F2EEB2408838700F4B958 /* Debug */,
				EA2F2EEC2408838700F4B958 /* Release */,
			);
			defaultConfigurationIsVisible = 0;
			defaultConfigurationName = Release;
		};
/* End XCConfigurationList section */
	};
	rootObject = EA2F2EB22408837800F4B958 /* Project object */;
}
